// !$*UTF8*$!
{
	archiveVersion = 1;
	classes = {
	};
	objectVersion = 50;
	objects = {

/* Begin PBXBuildFile section */
		2847F02A258F8E2700DDEF77 /* main.cpp in Sources */ = {isa = PBXBuildFile; fileRef = 2847F029258F8E2700DDEF77 /* main.cpp */; };
		2847F045258F93AA00DDEF77 /* glad.c in Sources */ = {isa = PBXBuildFile; fileRef = 2847F044258F93AA00DDEF77 /* glad.c */; };
		2847F049258F941400DDEF77 /* OpenGL.framework in Frameworks */ = {isa = PBXBuildFile; fileRef = 2847F048258F941400DDEF77 /* OpenGL.framework */; };
		2847F050258F96CC00DDEF77 /* libglfw.3.dylib in Frameworks */ = {isa = PBXBuildFile; fileRef = 2847F04F258F96CC00DDEF77 /* libglfw.3.dylib */; };
		2847F052258F976500DDEF77 /* libglfw.3.dylib in Embed Libraries */ = {isa = PBXBuildFile; fileRef = 2847F04F258F96CC00DDEF77 /* libglfw.3.dylib */; };
		37CF3A3D25DA4292007A931E /* Shader.cpp in Sources */ = {isa = PBXBuildFile; fileRef = 37CF3A3B25DA4292007A931E /* Shader.cpp */; };
		37CF3A4825DA5B7C007A931E /* stb_image.cpp in Sources */ = {isa = PBXBuildFile; fileRef = 37CF3A4725DA5B7C007A931E /* stb_image.cpp */; };
/* End PBXBuildFile section */

/* Begin PBXCopyFilesBuildPhase section */
		2847F024258F8E2700DDEF77 /* CopyFiles */ = {
			isa = PBXCopyFilesBuildPhase;
			buildActionMask = 2147483647;
			dstPath = /usr/share/man/man1/;
			dstSubfolderSpec = 0;
			files = (
			);
			runOnlyForDeploymentPostprocessing = 1;
		};
		2847F053258F976500DDEF77 /* Embed Libraries */ = {
			isa = PBXCopyFilesBuildPhase;
			buildActionMask = 2147483647;
			dstPath = "";
			dstSubfolderSpec = 10;
			files = (
				2847F052258F976500DDEF77 /* libglfw.3.dylib in Embed Libraries */,
			);
			name = "Embed Libraries";
			runOnlyForDeploymentPostprocessing = 0;
		};
/* End PBXCopyFilesBuildPhase section */

/* Begin PBXFileReference section */
		2847F026258F8E2700DDEF77 /* LearnOpenGL */ = {isa = PBXFileReference; explicitFileType = "compiled.mach-o.executable"; includeInIndex = 0; path = LearnOpenGL; sourceTree = BUILT_PRODUCTS_DIR; };
		2847F029258F8E2700DDEF77 /* main.cpp */ = {isa = PBXFileReference; lastKnownFileType = sourcecode.cpp.cpp; path = main.cpp; sourceTree = "<group>"; };
		2847F036258F906E00DDEF77 /* GLFW */ = {isa = PBXFileReference; lastKnownFileType = folder; path = GLFW; sourceTree = "<group>"; };
		2847F042258F936500DDEF77 /* glad */ = {isa = PBXFileReference; lastKnownFileType = folder; path = glad; sourceTree = "<group>"; };
		2847F043258F937200DDEF77 /* KHR */ = {isa = PBXFileReference; lastKnownFileType = folder; path = KHR; sourceTree = "<group>"; };
		2847F044258F93AA00DDEF77 /* glad.c */ = {isa = PBXFileReference; fileEncoding = 4; lastKnownFileType = sourcecode.c.c; path = glad.c; sourceTree = "<group>"; };
		2847F048258F941400DDEF77 /* OpenGL.framework */ = {isa = PBXFileReference; lastKnownFileType = wrapper.framework; name = OpenGL.framework; path = System/Library/Frameworks/OpenGL.framework; sourceTree = SDKROOT; };
		2847F04F258F96CC00DDEF77 /* libglfw.3.dylib */ = {isa = PBXFileReference; lastKnownFileType = "compiled.mach-o.dylib"; name = libglfw.3.dylib; path = libs/libglfw.3.dylib; sourceTree = "<group>"; };
		28FCE12725E2331F0092BDA6 /* glm */ = {isa = PBXFileReference; lastKnownFileType = folder; path = glm; sourceTree = "<group>"; };
		37CF3A3B25DA4292007A931E /* Shader.cpp */ = {isa = PBXFileReference; lastKnownFileType = sourcecode.cpp.cpp; path = Shader.cpp; sourceTree = "<group>"; };
		37CF3A3C25DA4292007A931E /* Shader.h */ = {isa = PBXFileReference; lastKnownFileType = sourcecode.c.h; path = Shader.h; sourceTree = "<group>"; };
		37CF3A4425DA4C92007A931E /* shader.vs */ = {isa = PBXFileReference; fileEncoding = 4; lastKnownFileType = sourcecode.glsl; path = shader.vs; sourceTree = "<group>"; };
		37CF3A4525DA4C92007A931E /* shader.fs */ = {isa = PBXFileReference; fileEncoding = 4; lastKnownFileType = sourcecode.glsl; path = shader.fs; sourceTree = "<group>"; };
		37CF3A4625DA5B5A007A931E /* stb_image.h */ = {isa = PBXFileReference; fileEncoding = 4; lastKnownFileType = sourcecode.c.h; path = stb_image.h; sourceTree = "<group>"; };
		37CF3A4725DA5B7C007A931E /* stb_image.cpp */ = {isa = PBXFileReference; lastKnownFileType = sourcecode.cpp.cpp; path = stb_image.cpp; sourceTree = "<group>"; };
/* End PBXFileReference section */

/* Begin PBXFrameworksBuildPhase section */
		2847F023258F8E2700DDEF77 /* Frameworks */ = {
			isa = PBXFrameworksBuildPhase;
			buildActionMask = 2147483647;
			files = (
				2847F049258F941400DDEF77 /* OpenGL.framework in Frameworks */,
				2847F050258F96CC00DDEF77 /* libglfw.3.dylib in Frameworks */,
			);
			runOnlyForDeploymentPostprocessing = 0;
		};
/* End PBXFrameworksBuildPhase section */

/* Begin PBXGroup section */
		2847F01D258F8E2700DDEF77 = {
			isa = PBXGroup;
			children = (
				2847F028258F8E2700DDEF77 /* LearnOpenGL */,
				2847F027258F8E2700DDEF77 /* Products */,
				2847F047258F941400DDEF77 /* Frameworks */,
			);
			sourceTree = "<group>";
		};
		2847F027258F8E2700DDEF77 /* Products */ = {
			isa = PBXGroup;
			children = (
				2847F026258F8E2700DDEF77 /* LearnOpenGL */,
			);
			name = Products;
			sourceTree = "<group>";
		};
		2847F028258F8E2700DDEF77 /* LearnOpenGL */ = {
			isa = PBXGroup;
			children = (
				37CF3A4625DA5B5A007A931E /* stb_image.h */,
				37CF3A4325DA4C92007A931E /* shaders */,
				2847F035258F905800DDEF77 /* include */,
				2847F031258F902F00DDEF77 /* libs */,
				2847F029258F8E2700DDEF77 /* main.cpp */,
				2847F044258F93AA00DDEF77 /* glad.c */,
				37CF3A3B25DA4292007A931E /* Shader.cpp */,
				37CF3A3C25DA4292007A931E /* Shader.h */,
				37CF3A4725DA5B7C007A931E /* stb_image.cpp */,
			);
			path = LearnOpenGL;
			sourceTree = "<group>";
		};
		2847F031258F902F00DDEF77 /* libs */ = {
			isa = PBXGroup;
			children = (
				2847F04F258F96CC00DDEF77 /* libglfw.3.dylib */,
			);
			name = libs;
			sourceTree = "<group>";
		};
		2847F035258F905800DDEF77 /* include */ = {
			isa = PBXGroup;
			children = (
				28FCE12725E2331F0092BDA6 /* glm */,
				2847F043258F937200DDEF77 /* KHR */,
				2847F042258F936500DDEF77 /* glad */,
				2847F036258F906E00DDEF77 /* GLFW */,
			);
			path = include;
			sourceTree = "<group>";
		};
		2847F047258F941400DDEF77 /* Frameworks */ = {
			isa = PBXGroup;
			children = (
				2847F048258F941400DDEF77 /* OpenGL.framework */,
			);
			name = Frameworks;
			sourceTree = "<group>";
		};
		37CF3A4325DA4C92007A931E /* shaders */ = {
			isa = PBXGroup;
			children = (
				37CF3A4425DA4C92007A931E /* shader.vs */,
				37CF3A4525DA4C92007A931E /* shader.fs */,
			);
			path = shaders;
			sourceTree = "<group>";
		};
/* End PBXGroup section */

/* Begin PBXNativeTarget section */
		2847F025258F8E2700DDEF77 /* LearnOpenGL */ = {
			isa = PBXNativeTarget;
			buildConfigurationList = 2847F02D258F8E2700DDEF77 /* Build configuration list for PBXNativeTarget "LearnOpenGL" */;
			buildPhases = (
				2847F022258F8E2700DDEF77 /* Sources */,
				2847F023258F8E2700DDEF77 /* Frameworks */,
				2847F024258F8E2700DDEF77 /* CopyFiles */,
				2847F053258F976500DDEF77 /* Embed Libraries */,
			);
			buildRules = (
			);
			dependencies = (
			);
			name = LearnOpenGL;
			productName = LearnOpenGL;
			productReference = 2847F026258F8E2700DDEF77 /* LearnOpenGL */;
			productType = "com.apple.product-type.tool";
		};
/* End PBXNativeTarget section */

/* Begin PBXProject section */
		2847F01E258F8E2700DDEF77 /* Project object */ = {
			isa = PBXProject;
			attributes = {
				LastUpgradeCheck = 1230;
				TargetAttributes = {
					2847F025258F8E2700DDEF77 = {
						CreatedOnToolsVersion = 12.3;
					};
				};
			};
			buildConfigurationList = 2847F021258F8E2700DDEF77 /* Build configuration list for PBXProject "LearnOpenGL" */;
			compatibilityVersion = "Xcode 9.3";
			developmentRegion = en;
			hasScannedForEncodings = 0;
			knownRegions = (
				en,
				Base,
			);
			mainGroup = 2847F01D258F8E2700DDEF77;
			productRefGroup = 2847F027258F8E2700DDEF77 /* Products */;
			projectDirPath = "";
			projectRoot = "";
			targets = (
				2847F025258F8E2700DDEF77 /* LearnOpenGL */,
			);
		};
/* End PBXProject section */

/* Begin PBXSourcesBuildPhase section */
		2847F022258F8E2700DDEF77 /* Sources */ = {
			isa = PBXSourcesBuildPhase;
			buildActionMask = 2147483647;
			files = (
				2847F02A258F8E2700DDEF77 /* main.cpp in Sources */,
				37CF3A4825DA5B7C007A931E /* stb_image.cpp in Sources */,
				37CF3A3D25DA4292007A931E /* Shader.cpp in Sources */,
				2847F045258F93AA00DDEF77 /* glad.c in Sources */,
			);
			runOnlyForDeploymentPostprocessing = 0;
		};
/* End PBXSourcesBuildPhase section */

/* Begin XCBuildConfiguration section */
		2847F02B258F8E2700DDEF77 /* Debug */ = {
			isa = XCBuildConfiguration;
			buildSettings = {
				ALWAYS_SEARCH_USER_PATHS = NO;
				CLANG_ANALYZER_NONNULL = YES;
				CLANG_ANALYZER_NUMBER_OBJECT_CONVERSION = YES_AGGRESSIVE;
				CLANG_CXX_LANGUAGE_STANDARD = "gnu++14";
				CLANG_CXX_LIBRARY = "libc++";
				CLANG_ENABLE_MODULES = YES;
				CLANG_ENABLE_OBJC_ARC = YES;
				CLANG_ENABLE_OBJC_WEAK = YES;
				CLANG_WARN_BLOCK_CAPTURE_AUTORELEASING = YES;
				CLANG_WARN_BOOL_CONVERSION = YES;
				CLANG_WARN_COMMA = YES;
				CLANG_WARN_CONSTANT_CONVERSION = YES;
				CLANG_WARN_DEPRECATED_OBJC_IMPLEMENTATIONS = YES;
				CLANG_WARN_DIRECT_OBJC_ISA_USAGE = YES_ERROR;
				CLANG_WARN_DOCUMENTATION_COMMENTS = YES;
				CLANG_WARN_EMPTY_BODY = YES;
				CLANG_WARN_ENUM_CONVERSION = YES;
				CLANG_WARN_INFINITE_RECURSION = YES;
				CLANG_WARN_INT_CONVERSION = YES;
				CLANG_WARN_NON_LITERAL_NULL_CONVERSION = YES;
				CLANG_WARN_OBJC_IMPLICIT_RETAIN_SELF = YES;
				CLANG_WARN_OBJC_LITERAL_CONVERSION = YES;
				CLANG_WARN_OBJC_ROOT_CLASS = YES_ERROR;
				CLANG_WARN_QUOTED_INCLUDE_IN_FRAMEWORK_HEADER = YES;
				CLANG_WARN_RANGE_LOOP_ANALYSIS = YES;
				CLANG_WARN_STRICT_PROTOTYPES = YES;
				CLANG_WARN_SUSPICIOUS_MOVE = YES;
				CLANG_WARN_UNGUARDED_AVAILABILITY = YES_AGGRESSIVE;
				CLANG_WARN_UNREACHABLE_CODE = YES;
				CLANG_WARN__DUPLICATE_METHOD_MATCH = YES;
				COPY_PHASE_STRIP = NO;
				DEBUG_INFORMATION_FORMAT = dwarf;
				ENABLE_STRICT_OBJC_MSGSEND = YES;
				ENABLE_TESTABILITY = YES;
				GCC_C_LANGUAGE_STANDARD = gnu11;
				GCC_DYNAMIC_NO_PIC = NO;
				GCC_NO_COMMON_BLOCKS = YES;
				GCC_OPTIMIZATION_LEVEL = 0;
				GCC_PREPROCESSOR_DEFINITIONS = (
					"DEBUG=1",
					"$(inherited)",
				);
				GCC_WARN_64_TO_32_BIT_CONVERSION = YES;
				GCC_WARN_ABOUT_RETURN_TYPE = YES_ERROR;
				GCC_WARN_UNDECLARED_SELECTOR = YES;
				GCC_WARN_UNINITIALIZED_AUTOS = YES_AGGRESSIVE;
				GCC_WARN_UNUSED_FUNCTION = YES;
				GCC_WARN_UNUSED_VARIABLE = YES;
				"HEADER_SEARCH_PATHS[arch=*]" = /Users/chenzhuowei/Desktop/LearnOpenGL/LearnOpenGL/include;
				MACOSX_DEPLOYMENT_TARGET = 10.14;
				MTL_ENABLE_DEBUG_INFO = INCLUDE_SOURCE;
				MTL_FAST_MATH = YES;
				ONLY_ACTIVE_ARCH = YES;
				SDKROOT = macosx;
			};
			name = Debug;
		};
		2847F02C258F8E2700DDEF77 /* Release */ = {
			isa = XCBuildConfiguration;
			buildSettings = {
				ALWAYS_SEARCH_USER_PATHS = NO;
				CLANG_ANALYZER_NONNULL = YES;
				CLANG_ANALYZER_NUMBER_OBJECT_CONVERSION = YES_AGGRESSIVE;
				CLANG_CXX_LANGUAGE_STANDARD = "gnu++14";
				CLANG_CXX_LIBRARY = "libc++";
				CLANG_ENABLE_MODULES = YES;
				CLANG_ENABLE_OBJC_ARC = YES;
				CLANG_ENABLE_OBJC_WEAK = YES;
				CLANG_WARN_BLOCK_CAPTURE_AUTORELEASING = YES;
				CLANG_WARN_BOOL_CONVERSION = YES;
				CLANG_WARN_COMMA = YES;
				CLANG_WARN_CONSTANT_CONVERSION = YES;
				CLANG_WARN_DEPRECATED_OBJC_IMPLEMENTATIONS = YES;
				CLANG_WARN_DIRECT_OBJC_ISA_USAGE = YES_ERROR;
				CLANG_WARN_DOCUMENTATION_COMMENTS = YES;
				CLANG_WARN_EMPTY_BODY = YES;
				CLANG_WARN_ENUM_CONVERSION = YES;
				CLANG_WARN_INFINITE_RECURSION = YES;
				CLANG_WARN_INT_CONVERSION = YES;
				CLANG_WARN_NON_LITERAL_NULL_CONVERSION = YES;
				CLANG_WARN_OBJC_IMPLICIT_RETAIN_SELF = YES;
				CLANG_WARN_OBJC_LITERAL_CONVERSION = YES;
				CLANG_WARN_OBJC_ROOT_CLASS = YES_ERROR;
				CLANG_WARN_QUOTED_INCLUDE_IN_FRAMEWORK_HEADER = YES;
				CLANG_WARN_RANGE_LOOP_ANALYSIS = YES;
				CLANG_WARN_STRICT_PROTOTYPES = YES;
				CLANG_WARN_SUSPICIOUS_MOVE = YES;
				CLANG_WARN_UNGUARDED_AVAILABILITY = YES_AGGRESSIVE;
				CLANG_WARN_UNREACHABLE_CODE = YES;
				CLANG_WARN__DUPLICATE_METHOD_MATCH = YES;
				COPY_PHASE_STRIP = NO;
				DEBUG_INFORMATION_FORMAT = "dwarf-with-dsym";
				ENABLE_NS_ASSERTIONS = NO;
				ENABLE_STRICT_OBJC_MSGSEND = YES;
				GCC_C_LANGUAGE_STANDARD = gnu11;
				GCC_NO_COMMON_BLOCKS = YES;
				GCC_WARN_64_TO_32_BIT_CONVERSION = YES;
				GCC_WARN_ABOUT_RETURN_TYPE = YES_ERROR;
				GCC_WARN_UNDECLARED_SELECTOR = YES;
				GCC_WARN_UNINITIALIZED_AUTOS = YES_AGGRESSIVE;
				GCC_WARN_UNUSED_FUNCTION = YES;
				GCC_WARN_UNUSED_VARIABLE = YES;
				"HEADER_SEARCH_PATHS[arch=*]" = /Users/chenzhuowei/Desktop/LearnOpenGL/LearnOpenGL/include;
				MACOSX_DEPLOYMENT_TARGET = 10.14;
				MTL_ENABLE_DEBUG_INFO = NO;
				MTL_FAST_MATH = YES;
				SDKROOT = macosx;
			};
			name = Release;
		};
		2847F02E258F8E2700DDEF77 /* Debug */ = {
			isa = XCBuildConfiguration;
			buildSettings = {
				CODE_SIGN_STYLE = Automatic;
				LIBRARY_SEARCH_PATHS = (
					"$(inherited)",
					"$(PROJECT_DIR)/LearnOpenGL",
					"$(PROJECT_DIR)/LearnOpenGL/libs",
				);
				MACOSX_DEPLOYMENT_TARGET = 10.14;
				PRODUCT_NAME = "$(TARGET_NAME)";
			};
			name = Debug;
		};
		2847F02F258F8E2700DDEF77 /* Release */ = {
			isa = XCBuildConfiguration;
			buildSettings = {
				CODE_SIGN_STYLE = Automatic;
				LIBRARY_SEARCH_PATHS = (
					"$(inherited)",
					"$(PROJECT_DIR)/LearnOpenGL",
					"$(PROJECT_DIR)/LearnOpenGL/libs",
				);
				MACOSX_DEPLOYMENT_TARGET = 10.14;
				PRODUCT_NAME = "$(TARGET_NAME)";
			};
			name = Release;
		};
/* End XCBuildConfiguration section */

/* Begin XCConfigurationList section */
		2847F021258F8E2700DDEF77 /* Build configuration list for PBXProject "LearnOpenGL" */ = {
			isa = XCConfigurationList;
			buildConfigurations = (
				2847F02B258F8E2700DDEF77 /* Debug */,
				2847F02C258F8E2700DDEF77 /* Release */,
			);
			defaultConfigurationIsVisible = 0;
			defaultConfigurationName = Release;
		};
		2847F02D258F8E2700DDEF77 /* Build configuration list for PBXNativeTarget "LearnOpenGL" */ = {
			isa = XCConfigurationList;
			buildConfigurations = (
				2847F02E258F8E2700DDEF77 /* Debug */,
				2847F02F258F8E2700DDEF77 /* Release */,
			);
			defaultConfigurationIsVisible = 0;
			defaultConfigurationName = Release;
		};
/* End XCConfigurationList section */
	};
	rootObject = 2847F01E258F8E2700DDEF77 /* Project object */;
}
