<?xml version="1.0" encoding="utf-8"?>
<Project ToolsVersion="4.0" xmlns="http://schemas.microsoft.com/developer/msbuild/2003">
  <ItemGroup>
    <Filter Include="Source Files">
      <UniqueIdentifier>{4FC737F1-C7A5-4376-A066-2A32D752A2FF}</UniqueIdentifier>
      <Extensions>cpp;c;cc;cxx;def;odl;idl;hpj;bat;asm;asmx</Extensions>
    </Filter>
    <Filter Include="Header Files">
      <UniqueIdentifier>{93995380-89BD-4b04-88EB-625FBE52EBFB}</UniqueIdentifier>
      <Extensions>h;hh;hpp;hxx;hm;inl;inc;ipp;xsd</Extensions>
    </Filter>
    <Filter Include="Resource Files">
      <UniqueIdentifier>{67DA6AB6-F800-4c08-8B7A-83BB121AAD01}</UniqueIdentifier>
      <Extensions>rc;ico;cur;bmp;dlg;rc2;rct;bin;rgs;gif;jpg;jpeg;jpe;resx;tiff;tif;png;wav;mfcribbon-ms</Extensions>
    </Filter>
    <Filter Include="Header Files\glad">
      <UniqueIdentifier>{8bcee8e1-93b9-496d-b759-70eebcfcea90}</UniqueIdentifier>
    </Filter>
    <Filter Include="Header Files\GLFW">
      <UniqueIdentifier>{e9533726-3634-4b61-904d-7f203e3f8dd2}</UniqueIdentifier>
    </Filter>
    <Filter Include="Header Files\KHR">
      <UniqueIdentifier>{419d44eb-8de1-46db-be3a-df914619bb36}</UniqueIdentifier>
    </Filter>
    <Filter Include="Source Files\imgui">
      <UniqueIdentifier>{251472e2-753d-4cd4-88bc-38ba93bd05ff}</UniqueIdentifier>
    </Filter>
    <Filter Include="Source Files\imgui\backends">
      <UniqueIdentifier>{7bb7af69-36c6-4173-801a-51ca1b65477b}</UniqueIdentifier>
    </Filter>
  </ItemGroup>
  <ItemGroup>
    <ClCompile Include="..\..\LearnOpenGL\main.cpp">
      <Filter>Source Files</Filter>
    </ClCompile>
    <ClCompile Include="..\..\LearnOpenGL\src\Camera.cpp">
      <Filter>Source Files</Filter>
    </ClCompile>
    <ClCompile Include="..\..\LearnOpenGL\src\glad.c">
      <Filter>Source Files</Filter>
    </ClCompile>
    <ClCompile Include="..\..\LearnOpenGL\src\Shader.cpp">
      <Filter>Source Files</Filter>
    </ClCompile>
    <ClCompile Include="..\..\LearnOpenGL\src\stb_image.cpp">
      <Filter>Source Files</Filter>
    </ClCompile>
    <ClCompile Include="..\..\LearnOpenGL\src\imgui\backends\imgui_impl_glfw.cpp">
      <Filter>Source Files\imgui\backends</Filter>
    </ClCompile>
    <ClCompile Include="..\..\LearnOpenGL\src\imgui\backends\imgui_impl_opengl3.cpp">
      <Filter>Source Files\imgui\backends</Filter>
    </ClCompile>
    <ClCompile Include="..\..\LearnOpenGL\src\imgui\imgui.cpp">
      <Filter>Source Files\imgui</Filter>
    </ClCompile>
    <ClCompile Include="..\..\LearnOpenGL\src\imgui\imgui_demo.cpp">
      <Filter>Source Files\imgui</Filter>
    </ClCompile>
    <ClCompile Include="..\..\LearnOpenGL\src\imgui\imgui_draw.cpp">
      <Filter>Source Files\imgui</Filter>
    </ClCompile>
    <ClCompile Include="..\..\LearnOpenGL\src\imgui\imgui_tables.cpp">
      <Filter>Source Files\imgui</Filter>
    </ClCompile>
    <ClCompile Include="..\..\LearnOpenGL\src\imgui\imgui_widgets.cpp">
      <Filter>Source Files\imgui</Filter>
    </ClCompile>
  </ItemGroup>
  <ItemGroup>
    <ClInclude Include="..\..\LearnOpenGL\include\glad\glad.h">
      <Filter>Header Files\glad</Filter>
    </ClInclude>
    <ClInclude Include="..\..\LearnOpenGL\include\GLFW\glfw3.h">
      <Filter>Header Files\GLFW</Filter>
    </ClInclude>
    <ClInclude Include="..\..\LearnOpenGL\include\GLFW\glfw3native.h">
      <Filter>Header Files\GLFW</Filter>
    </ClInclude>
    <ClInclude Include="..\..\LearnOpenGL\include\KHR\khrplatform.h">
      <Filter>Header Files\KHR</Filter>
    </ClInclude>
    <ClInclude Include="..\..\LearnOpenGL\include\Camera.h">
      <Filter>Header Files</Filter>
    </ClInclude>
    <ClInclude Include="..\..\LearnOpenGL\include\Shader.h">
      <Filter>Header Files</Filter>
    </ClInclude>
    <ClInclude Include="..\..\LearnOpenGL\include\stb_image.h">
      <Filter>Header Files</Filter>
    </ClInclude>
    <ClInclude Include="..\..\LearnOpenGL\src\imgui\backends\imgui_impl_glfw.h">
      <Filter>Source Files\imgui\backends</Filter>
    </ClInclude>
    <ClInclude Include="..\..\LearnOpenGL\src\imgui\backends\imgui_impl_opengl3.h">
      <Filter>Source Files\imgui\backends</Filter>
    </ClInclude>
    <ClInclude Include="..\..\LearnOpenGL\src\imgui\imconfig.h">
      <Filter>Source Files\imgui</Filter>
    </ClInclude>
    <ClInclude Include="..\..\LearnOpenGL\src\imgui\imgui.h">
      <Filter>Source Files\imgui</Filter>
    </ClInclude>
    <ClInclude Include="..\..\LearnOpenGL\src\imgui\imgui_internal.h">
      <Filter>Source Files\imgui</Filter>
    </ClInclude>
    <ClInclude Include="..\..\LearnOpenGL\src\imgui\imstb_rectpack.h">
      <Filter>Source Files\imgui</Filter>
    </ClInclude>
    <ClInclude Include="..\..\LearnOpenGL\src\imgui\imstb_textedit.h">
      <Filter>Source Files\imgui</Filter>
    </ClInclude>
    <ClInclude Include="..\..\LearnOpenGL\src\imgui\imstb_truetype.h">
      <Filter>Source Files\imgui</Filter>
    </ClInclude>
  </ItemGroup>
</Project>